
Microsoft Visual Studio Solution File, Format Version 12.00
# Visual Studio Version 17
VisualStudioVersion = 17.0.31919.166
MinimumVisualStudioVersion = 10.0.40219.1
Project("{9A19103F-16F7-4668-BE54-9A1E7A4F7556}") = "Automated Test Cases", "Automated Test Cases\Automated Test Cases.csproj", "{51C49AB4-C7B5-451A-AD7C-F9BCF1C07FCF}"
EndProject
Global
	GlobalSection(SolutionConfigurationPlatforms) = preSolution
		Debug|Any CPU = Debug|Any CPU
		Release|Any CPU = Release|Any CPU
	EndGlobalSection
	GlobalSection(ProjectConfigurationPlatforms) = postSolution
		{51C49AB4-C7B5-451A-AD7C-F9BCF1C07FCF}.Debug|Any CPU.ActiveCfg = Debug|Any CPU
		{51C49AB4-C7B5-451A-AD7C-F9BCF1C07FCF}.Debug|Any CPU.Build.0 = Debug|Any CPU
		{51C49AB4-C7B5-451A-AD7C-F9BCF1C07FCF}.Release|Any CPU.ActiveCfg = Release|Any CPU
		{51C49AB4-C7B5-451A-AD7C-F9BCF1C07FCF}.Release|Any CPU.Build.0 = Release|Any CPU
	EndGlobalSection
	GlobalSection(SolutionProperties) = preSolution
		HideSolutionNode = FALSE
	EndGlobalSection
	GlobalSection(ExtensibilityGlobals) = postSolution
		SolutionGuid = {D45B6202-2D44-41CF-9CB2-7E3AF2393C31}
	EndGlobalSection
EndGlobal
